lockfileVersion: "9.0"

settings:
  autoInstallPeers: true
  excludeLinksFromLockfile: false

importers:
  .:
    devDependencies:
      "@prettier/plugin-xml":
        specifier: ^3.4.2
        version: 3.4.2(prettier@3.8.4)
      husky:
        specifier: ^9.1.7
        version: 9.1.7
      lint-staged:
        specifier: ^17.0.7
        version: 17.3.0
      prettier:
        specifier: 3.8.4
        version: 3.8.4

packages:
  "@prettier/plugin-xml@3.4.2":
    resolution:
      {
        integrity: sha512-/UyNlHfkuLXG6Ed85KB0WBF283xn2yavR+UtRibBRUcvEJId2DSLdGXwJ/cDa1X++SWDPzq3+GSFniHjkNy7yg==,
      }
    peerDependencies:
      prettier: ^3.0.0

  "@xml-tools/parser@1.0.11":
    resolution:
      {
        integrity: sha512-aKqQ077XnR+oQtHJlrAflaZaL7qZsulWc/i/ZEooar5JiWj1eLt0+Wg28cpa+XLney107wXqneC+oG1IZvxkTA==,
      }

  chevrotain@7.1.1:
    resolution:
      {
        integrity: sha512-wy3mC1x4ye+O+QkEinVJkPf5u2vsrDIYW9G7ZuwFl6v/Yu0LwUuT2POsb+NUWApebyxfkQq6+yDfRExbnI5rcw==,
      }

  husky@9.1.7:
    resolution:
      {
        integrity: sha512-5gs5ytaNjBrh5Ow3zrvdUUY+0VxIuWVL4i9irt6friV+BqdCfmV11CQTWMiBYWHbXhco+J1kHfTOUkePhCDvMA==,
      }
    engines: { node: ">=18" }
    hasBin: true

  lint-staged@17.3.0:
    resolution:
      {
        integrity: sha512-woZS3vNe3UKqBaLPvbLOtKRY4tLANpWQhom12MGWqC8Mh1lCOO+WgSwmX2amjJAqTY9BkXYW87fCUH5H9Ph6xw==,
      }
    engines: { node: ">=22.22.1" }
    hasBin: true

  picomatch@4.0.7:
    resolution:
      {
        integrity: sha512-qcJu88Q2IWqJsDD529JKMdwGm/dvInW4HvQnRwiH9JtihJvzGOscDtHE3x1pBKeUOTysQ8kVmLnJ2kJu7yhcGA==,
      }
    engines: { node: ">=12" }

  prettier@3.8.4:
    resolution:
      {
        integrity: sha512-N2MylSdi48+5N/6S5j+maeHbUSIzzZ5uOcX5Hm4QpV8Dkb1HFjfAKTKX6yNPJQD9AhcT3ifHNB66tWTTJDi11Q==,
      }
    engines: { node: ">=14" }
    hasBin: true

  regexp-to-ast@0.5.0:
    resolution:
      {
        integrity: sha512-tlbJqcMHnPKI9zSrystikWKwHkBqu2a/Sgw01h3zFjvYrMxEDYHzzoMZnUrbIfpTFEsoRnnviOXNCzFiSc54Qw==,
      }

  string-argv@0.3.2:
    resolution:
      {
        integrity: sha512-aqD2Q0144Z+/RqG52NeHEkZauTAUWJO8c6yTftGJKO3Tja5tUgIfmIl6kExvhtxSDP7fXB6DvzkfMpCd/F3G+Q==,
      }
    engines: { node: ">=0.6.19" }

  tinyexec@1.3.0:
    resolution:
      {
        integrity: sha512-QKAl9m8gWWGHV8jZcPeym6j+XULi6tOf1mT83WYJ4Lk2ytW/uwAWkrP0uFsdoYMdueVJ0qs26wZ+23xeB4ibNQ==,
      }
    engines: { node: ">=18" }

  yaml@2.9.0:
    resolution:
      {
        integrity: sha512-2AvhNX3mb8zd6Zy7INTtSpl1F15HW6Wnqj0srWlkKLcpYl/gMIMJiyuGq2KeI2YFxUPjdlB+3Lc10seMLtL4cA==,
      }
    engines: { node: ">= 14.6" }
    hasBin: true

snapshots:
  "@prettier/plugin-xml@3.4.2(prettier@3.8.4)":
    dependencies:
      "@xml-tools/parser": 1.0.11
      prettier: 3.8.4

  "@xml-tools/parser@1.0.11":
    dependencies:
      chevrotain: 7.1.1

  chevrotain@7.1.1:
    dependencies:
      regexp-to-ast: 0.5.0

  husky@9.1.7: {}

  lint-staged@17.3.0:
    dependencies:
      picomatch: 4.0.7
      string-argv: 0.3.2
      tinyexec: 1.3.0
    optionalDependencies:
      yaml: 2.9.0

  picomatch@4.0.7: {}

  prettier@3.8.4: {}

  regexp-to-ast@0.5.0: {}

  string-argv@0.3.2: {}

  tinyexec@1.3.0: {}

  yaml@2.9.0:
    optional: true
